// !$*UTF8*$!
{
	archiveVersion = 1;
	classes = {
	};
	objectVersion = 46;
	objects = {

/* Begin PBXBuildFile section */
		399CACC019904B6D00750AE1 /* AppDelegate.swift in Sources */ = {isa = PBXBuildFile; fileRef = 399CACBF19904B6D00750AE1 /* AppDelegate.swift */; };
		399CACC219904B6D00750AE1 /* ViewController.swift in Sources */ = {isa = PBXBuildFile; fileRef = 399CACC119904B6D00750AE1 /* ViewController.swift */; };
		399CACC719904B6D00750AE1 /* Images.xcassets in Resources */ = {isa = PBXBuildFile; fileRef = 399CACC619904B6D00750AE1 /* Images.xcassets */; };
		399CACD319904B6D00750AE1 /* playTests.swift in Sources */ = {isa = PBXBuildFile; fileRef = 399CACD219904B6D00750AE1 /* playTests.swift */; };
		399CACDD19904FDC00750AE1 /* WelcomeViewController.swift in Sources */ = {isa = PBXBuildFile; fileRef = 399CACDC19904FDC00750AE1 /* WelcomeViewController.swift */; };
		399CACE0199056A000750AE1 /* SettingsViewController.swift in Sources */ = {isa = PBXBuildFile; fileRef = 399CACDF199056A000750AE1 /* SettingsViewController.swift */; };
		399CACE21990578800750AE1 /* SearchViewController.swift in Sources */ = {isa = PBXBuildFile; fileRef = 399CACE11990578800750AE1 /* SearchViewController.swift */; };
		399CACE41990607200750AE1 /* ResultsViewController.swift in Sources */ = {isa = PBXBuildFile; fileRef = 399CACE31990607200750AE1 /* ResultsViewController.swift */; };
		399CACE8199062B400750AE1 /* HamburgerViewController.swift in Sources */ = {isa = PBXBuildFile; fileRef = 399CACE7199062B400750AE1 /* HamburgerViewController.swift */; };
		39EFD82F19917E0E0052820D /* Main.storyboard in Resources */ = {isa = PBXBuildFile; fileRef = 39EFD82E19917E0E0052820D /* Main.storyboard */; };
/* End PBXBuildFile section */

/* Begin PBXContainerItemProxy section */
		399CACCD19904B6D00750AE1 /* PBXContainerItemProxy */ = {
			isa = PBXContainerItemProxy;
			containerPortal = 399CACB219904B6D00750AE1 /* Project object */;
			proxyType = 1;
			remoteGlobalIDString = 399CACB919904B6D00750AE1;
			remoteInfo = play;
		};
/* End PBXContainerItemProxy section */

/* Begin PBXFileReference section */
		399CACBA19904B6D00750AE1 /* play.app */ = {isa = PBXFileReference; explicitFileType = wrapper.application; includeInIndex = 0; path = play.app; sourceTree = BUILT_PRODUCTS_DIR; };
		399CACBE19904B6D00750AE1 /* Info.plist */ = {isa = PBXFileReference; lastKnownFileType = text.plist.xml; path = Info.plist; sourceTree = "<group>"; };
		399CACBF19904B6D00750AE1 /* AppDelegate.swift */ = {isa = PBXFileReference; lastKnownFileType = sourcecode.swift; path = AppDelegate.swift; sourceTree = "<group>"; };
		399CACC119904B6D00750AE1 /* ViewController.swift */ = {isa = PBXFileReference; lastKnownFileType = sourcecode.swift; path = ViewController.swift; sourceTree = "<group>"; };
		399CACC619904B6D00750AE1 /* Images.xcassets */ = {isa = PBXFileReference; lastKnownFileType = folder.assetcatalog; path = Images.xcassets; sourceTree = "<group>"; };
		399CACCC19904B6D00750AE1 /* playTests.xctest */ = {isa = PBXFileReference; explicitFileType = wrapper.cfbundle; includeInIndex = 0; path = playTests.xctest; sourceTree = BUILT_PRODUCTS_DIR; };
		399CACD119904B6D00750AE1 /* Info.plist */ = {isa = PBXFileReference; lastKnownFileType = text.plist.xml; path = Info.plist; sourceTree = "<group>"; };
		399CACD219904B6D00750AE1 /* playTests.swift */ = {isa = PBXFileReference; lastKnownFileType = sourcecode.swift; path = playTests.swift; sourceTree = "<group>"; };
		399CACDC19904FDC00750AE1 /* WelcomeViewController.swift */ = {isa = PBXFileReference; fileEncoding = 4; lastKnownFileType = sourcecode.swift; path = WelcomeViewController.swift; sourceTree = "<group>"; };
		399CACDF199056A000750AE1 /* SettingsViewController.swift */ = {isa = PBXFileReference; fileEncoding = 4; lastKnownFileType = sourcecode.swift; path = SettingsViewController.swift; sourceTree = "<group>"; };
		399CACE11990578800750AE1 /* SearchViewController.swift */ = {isa = PBXFileReference; fileEncoding = 4; lastKnownFileType = sourcecode.swift; path = SearchViewController.swift; sourceTree = "<group>"; };
		399CACE31990607200750AE1 /* ResultsViewController.swift */ = {isa = PBXFileReference; fileEncoding = 4; lastKnownFileType = sourcecode.swift; path = ResultsViewController.swift; sourceTree = "<group>"; };
		399CACE7199062B400750AE1 /* HamburgerViewController.swift */ = {isa = PBXFileReference; fileEncoding = 4; lastKnownFileType = sourcecode.swift; path = HamburgerViewController.swift; sourceTree = "<group>"; };
		39EFD82E19917E0E0052820D /* Main.storyboard */ = {isa = PBXFileReference; fileEncoding = 4; lastKnownFileType = file.storyboard; path = Main.storyboard; sourceTree = "<group>"; };
/* End PBXFileReference section */

/* Begin PBXFrameworksBuildPhase section */
		399CACB719904B6D00750AE1 /* Frameworks */ = {
			isa = PBXFrameworksBuildPhase;
			buildActionMask = 2147483647;
			files = (
			);
			runOnlyForDeploymentPostprocessing = 0;
		};
		399CACC919904B6D00750AE1 /* Frameworks */ = {
			isa = PBXFrameworksBuildPhase;
			buildActionMask = 2147483647;
			files = (
			);
			runOnlyForDeploymentPostprocessing = 0;
		};
/* End PBXFrameworksBuildPhase section */

/* Begin PBXGroup section */
		399CACB119904B6D00750AE1 = {
			isa = PBXGroup;
			children = (
				399CACBC19904B6D00750AE1 /* play */,
				399CACCF19904B6D00750AE1 /* playTests */,
				399CACBB19904B6D00750AE1 /* Products */,
			);
			sourceTree = "<group>";
		};
		399CACBB19904B6D00750AE1 /* Products */ = {
			isa = PBXGroup;
			children = (
				399CACBA19904B6D00750AE1 /* play.app */,
				399CACCC19904B6D00750AE1 /* playTests.xctest */,
			);
			name = Products;
			sourceTree = "<group>";
		};
		399CACBC19904B6D00750AE1 /* play */ = {
			isa = PBXGroup;
			children = (
				399CACDE19904FEA00750AE1 /* ViewControllers */,
				399CACBF19904B6D00750AE1 /* AppDelegate.swift */,
				39EFD82E19917E0E0052820D /* Main.storyboard */,
				399CACC119904B6D00750AE1 /* ViewController.swift */,
				399CACC619904B6D00750AE1 /* Images.xcassets */,
				399CACBD19904B6D00750AE1 /* Supporting Files */,
			);
			path = play;
			sourceTree = "<group>";
		};
		399CACBD19904B6D00750AE1 /* Supporting Files */ = {
			isa = PBXGroup;
			children = (
				399CACBE19904B6D00750AE1 /* Info.plist */,
			);
			name = "Supporting Files";
			sourceTree = "<group>";
		};
		399CACCF19904B6D00750AE1 /* playTests */ = {
			isa = PBXGroup;
			children = (
				399CACD219904B6D00750AE1 /* playTests.swift */,
				399CACD019904B6D00750AE1 /* Supporting Files */,
			);
			path = playTests;
			sourceTree = "<group>";
		};
		399CACD019904B6D00750AE1 /* Supporting Files */ = {
			isa = PBXGroup;
			children = (
				399CACD119904B6D00750AE1 /* Info.plist */,
			);
			name = "Supporting Files";
			sourceTree = "<group>";
		};
		399CACDE19904FEA00750AE1 /* ViewControllers */ = {
			isa = PBXGroup;
			children = (
				399CACDF199056A000750AE1 /* SettingsViewController.swift */,
				399CACE11990578800750AE1 /* SearchViewController.swift */,
				399CACDC19904FDC00750AE1 /* WelcomeViewController.swift */,
				399CACE31990607200750AE1 /* ResultsViewController.swift */,
				399CACE7199062B400750AE1 /* HamburgerViewController.swift */,
			);
			name = ViewControllers;
			sourceTree = "<group>";
		};
/* End PBXGroup section */

/* Begin PBXNativeTarget section */
		399CACB919904B6D00750AE1 /* play */ = {
			isa = PBXNativeTarget;
			buildConfigurationList = 399CACD619904B6D00750AE1 /* Build configuration list for PBXNativeTarget "play" */;
			buildPhases = (
				399CACB619904B6D00750AE1 /* Sources */,
				399CACB719904B6D00750AE1 /* Frameworks */,
				399CACB819904B6D00750AE1 /* Resources */,
			);
			buildRules = (
			);
			dependencies = (
			);
			name = play;
			productName = play;
			productReference = 399CACBA19904B6D00750AE1 /* play.app */;
			productType = "com.apple.product-type.application";
		};
		399CACCB19904B6D00750AE1 /* playTests */ = {
			isa = PBXNativeTarget;
			buildConfigurationList = 399CACD919904B6D00750AE1 /* Build configuration list for PBXNativeTarget "playTests" */;
			buildPhases = (
				399CACC819904B6D00750AE1 /* Sources */,
				399CACC919904B6D00750AE1 /* Frameworks */,
				399CACCA19904B6D00750AE1 /* Resources */,
			);
			buildRules = (
			);
			dependencies = (
				399CACCE19904B6D00750AE1 /* PBXTargetDependency */,
			);
			name = playTests;
			productName = playTests;
			productReference = 399CACCC19904B6D00750AE1 /* playTests.xctest */;
			productType = "com.apple.product-type.bundle.unit-test";
		};
/* End PBXNativeTarget section */

/* Begin PBXProject section */
		399CACB219904B6D00750AE1 /* Project object */ = {
			isa = PBXProject;
			attributes = {
				LastUpgradeCheck = 0600;
				ORGANIZATIONNAME = codepath;
				TargetAttributes = {
					399CACB919904B6D00750AE1 = {
						CreatedOnToolsVersion = 6.0;
					};
					399CACCB19904B6D00750AE1 = {
						CreatedOnToolsVersion = 6.0;
						TestTargetID = 399CACB919904B6D00750AE1;
					};
				};
			};
			buildConfigurationList = 399CACB519904B6D00750AE1 /* Build configuration list for PBXProject "play" */;
			compatibilityVersion = "Xcode 3.2";
			developmentRegion = English;
			hasScannedForEncodings = 0;
			knownRegions = (
				en,
				Base,
			);
			mainGroup = 399CACB119904B6D00750AE1;
			productRefGroup = 399CACBB19904B6D00750AE1 /* Products */;
			projectDirPath = "";
			projectRoot = "";
			targets = (
				399CACB919904B6D00750AE1 /* play */,
				399CACCB19904B6D00750AE1 /* playTests */,
			);
		};
/* End PBXProject section */

/* Begin PBXResourcesBuildPhase section */
		399CACB819904B6D00750AE1 /* Resources */ = {
			isa = PBXResourcesBuildPhase;
			buildActionMask = 2147483647;
			files = (
				399CACC719904B6D00750AE1 /* Images.xcassets in Resources */,
				39EFD82F19917E0E0052820D /* Main.storyboard in Resources */,
			);
			runOnlyForDeploymentPostprocessing = 0;
		};
		399CACCA19904B6D00750AE1 /* Resources */ = {
			isa = PBXResourcesBuildPhase;
			buildActionMask = 2147483647;
			files = (
			);
			runOnlyForDeploymentPostprocessing = 0;
		};
/* End PBXResourcesBuildPhase section */

/* Begin PBXSourcesBuildPhase section */
		399CACB619904B6D00750AE1 /* Sources */ = {
			isa = PBXSourcesBuildPhase;
			buildActionMask = 2147483647;
			files = (
				399CACE21990578800750AE1 /* SearchViewController.swift in Sources */,
				399CACDD19904FDC00750AE1 /* WelcomeViewController.swift in Sources */,
				399CACC219904B6D00750AE1 /* ViewController.swift in Sources */,
				399CACC019904B6D00750AE1 /* AppDelegate.swift in Sources */,
				399CACE0199056A000750AE1 /* SettingsViewController.swift in Sources */,
				399CACE41990607200750AE1 /* ResultsViewController.swift in Sources */,
				399CACE8199062B400750AE1 /* HamburgerViewController.swift in Sources */,
			);
			runOnlyForDeploymentPostprocessing = 0;
		};
		399CACC819904B6D00750AE1 /* Sources */ = {
			isa = PBXSourcesBuildPhase;
			buildActionMask = 2147483647;
			files = (
				399CACD319904B6D00750AE1 /* playTests.swift in Sources */,
			);
			runOnlyForDeploymentPostprocessing = 0;
		};
/* End PBXSourcesBuildPhase section */

/* Begin PBXTargetDependency section */
		399CACCE19904B6D00750AE1 /* PBXTargetDependency */ = {
			isa = PBXTargetDependency;
			target = 399CACB919904B6D00750AE1 /* play */;
			targetProxy = 399CACCD19904B6D00750AE1 /* PBXContainerItemProxy */;
		};
/* End PBXTargetDependency section */

/* Begin XCBuildConfiguration section */
		399CACD419904B6D00750AE1 /* Debug */ = {
			isa = XCBuildConfiguration;
			buildSettings = {
				ALWAYS_SEARCH_USER_PATHS = NO;
				CLANG_CXX_LANGUAGE_STANDARD = "gnu++0x";
				CLANG_CXX_LIBRARY = "libc++";
				CLANG_ENABLE_MODULES = YES;
				CLANG_ENABLE_OBJC_ARC = YES;
				CLANG_WARN_BOOL_CONVERSION = YES;
				CLANG_WARN_CONSTANT_CONVERSION = YES;
				CLANG_WARN_DIRECT_OBJC_ISA_USAGE = YES_ERROR;
				CLANG_WARN_EMPTY_BODY = YES;
				CLANG_WARN_ENUM_CONVERSION = YES;
				CLANG_WARN_INT_CONVERSION = YES;
				CLANG_WARN_OBJC_ROOT_CLASS = YES_ERROR;
				CLANG_WARN_UNREACHABLE_CODE = YES;
				CLANG_WARN__DUPLICATE_METHOD_MATCH = YES;
				"CODE_SIGN_IDENTITY[sdk=iphoneos*]" = "iPhone Developer";
				COPY_PHASE_STRIP = NO;
				ENABLE_STRICT_OBJC_MSGSEND = YES;
				GCC_C_LANGUAGE_STANDARD = gnu99;
				GCC_DYNAMIC_NO_PIC = NO;
				GCC_OPTIMIZATION_LEVEL = 0;
				GCC_PREPROCESSOR_DEFINITIONS = (
					"DEBUG=1",
					"$(inherited)",
				);
				GCC_SYMBOLS_PRIVATE_EXTERN = NO;
				GCC_WARN_64_TO_32_BIT_CONVERSION = YES;
				GCC_WARN_ABOUT_RETURN_TYPE = YES_ERROR;
				GCC_WARN_UNDECLARED_SELECTOR = YES;
				GCC_WARN_UNINITIALIZED_AUTOS = YES_AGGRESSIVE;
				GCC_WARN_UNUSED_FUNCTION = YES;
				GCC_WARN_UNUSED_VARIABLE = YES;
				IPHONEOS_DEPLOYMENT_TARGET = 8.0;
				MTL_ENABLE_DEBUG_INFO = YES;
				ONLY_ACTIVE_ARCH = YES;
				SDKROOT = iphoneos;
				SWIFT_OPTIMIZATION_LEVEL = "-Onone";
			};
			name = Debug;
		};
		399CACD519904B6D00750AE1 /* Release */ = {
			isa = XCBuildConfiguration;
			buildSettings = {
				ALWAYS_SEARCH_USER_PATHS = NO;
				CLANG_CXX_LANGUAGE_STANDARD = "gnu++0x";
				CLANG_CXX_LIBRARY = "libc++";
				CLANG_ENABLE_MODULES = YES;
				CLANG_ENABLE_OBJC_ARC = YES;
				CLANG_WARN_BOOL_CONVERSION = YES;
				CLANG_WARN_CONSTANT_CONVERSION = YES;
				CLANG_WARN_DIRECT_OBJC_ISA_USAGE = YES_ERROR;
				CLANG_WARN_EMPTY_BODY = YES;
				CLANG_WARN_ENUM_CONVERSION = YES;
				CLANG_WARN_INT_CONVERSION = YES;
				CLANG_WARN_OBJC_ROOT_CLASS = YES_ERROR;
				CLANG_WARN_UNREACHABLE_CODE = YES;
				CLANG_WARN__DUPLICATE_METHOD_MATCH = YES;
				"CODE_SIGN_IDENTITY[sdk=iphoneos*]" = "iPhone Developer";
				COPY_PHASE_STRIP = YES;
				ENABLE_NS_ASSERTIONS = NO;
				ENABLE_STRICT_OBJC_MSGSEND = YES;
				GCC_C_LANGUAGE_STANDARD = gnu99;
				GCC_WARN_64_TO_32_BIT_CONVERSION = YES;
				GCC_WARN_ABOUT_RETURN_TYPE = YES_ERROR;
				GCC_WARN_UNDECLARED_SELECTOR = YES;
				GCC_WARN_UNINITIALIZED_AUTOS = YES_AGGRESSIVE;
				GCC_WARN_UNUSED_FUNCTION = YES;
				GCC_WARN_UNUSED_VARIABLE = YES;
				IPHONEOS_DEPLOYMENT_TARGET = 8.0;
				MTL_ENABLE_DEBUG_INFO = NO;
				SDKROOT = iphoneos;
				VALIDATE_PRODUCT = YES;
			};
			name = Release;
		};
		399CACD719904B6D00750AE1 /* Debug */ = {
			isa = XCBuildConfiguration;
			buildSettings = {
				ASSETCATALOG_COMPILER_APPICON_NAME = AppIcon;
				ASSETCATALOG_COMPILER_LAUNCHIMAGE_NAME = LaunchImage;
				INFOPLIST_FILE = play/Info.plist;
				LD_RUNPATH_SEARCH_PATHS = "$(inherited) @executable_path/Frameworks";
				PRODUCT_NAME = "$(TARGET_NAME)";
			};
			name = Debug;
		};
		399CACD819904B6D00750AE1 /* Release */ = {
			isa = XCBuildConfiguration;
			buildSettings = {
				ASSETCATALOG_COMPILER_APPICON_NAME = AppIcon;
				ASSETCATALOG_COMPILER_LAUNCHIMAGE_NAME = LaunchImage;
				INFOPLIST_FILE = play/Info.plist;
				LD_RUNPATH_SEARCH_PATHS = "$(inherited) @executable_path/Frameworks";
				PRODUCT_NAME = "$(TARGET_NAME)";
			};
			name = Release;
		};
		399CACDA19904B6D00750AE1 /* Debug */ = {
			isa = XCBuildConfiguration;
			buildSettings = {
				BUNDLE_LOADER = "$(BUILT_PRODUCTS_DIR)/play.app/play";
				FRAMEWORK_SEARCH_PATHS = (
					"$(SDKROOT)/Developer/Library/Frameworks",
					"$(inherited)",
				);
				GCC_PREPROCESSOR_DEFINITIONS = (
					"DEBUG=1",
					"$(inherited)",
				);
				INFOPLIST_FILE = playTests/Info.plist;
				LD_RUNPATH_SEARCH_PATHS = "$(inherited) @executable_path/Frameworks @loader_path/Frameworks";
				PRODUCT_NAME = "$(TARGET_NAME)";
				TEST_HOST = "$(BUNDLE_LOADER)";
			};
			name = Debug;
		};
		399CACDB19904B6D00750AE1 /* Release */ = {
			isa = XCBuildConfiguration;
			buildSettings = {
				BUNDLE_LOADER = "$(BUILT_PRODUCTS_DIR)/play.app/play";
				FRAMEWORK_SEARCH_PATHS = (
					"$(SDKROOT)/Developer/Library/Frameworks",
					"$(inherited)",
				);
				INFOPLIST_FILE = playTests/Info.plist;
				LD_RUNPATH_SEARCH_PATHS = "$(inherited) @executable_path/Frameworks @loader_path/Frameworks";
				PRODUCT_NAME = "$(TARGET_NAME)";
				TEST_HOST = "$(BUNDLE_LOADER)";
			};
			name = Release;
		};
/* End XCBuildConfiguration section */

/* Begin XCConfigurationList section */
		399CACB519904B6D00750AE1 /* Build configuration list for PBXProject "play" */ = {
			isa = XCConfigurationList;
			buildConfigurations = (
				399CACD419904B6D00750AE1 /* Debug */,
				399CACD519904B6D00750AE1 /* Release */,
			);
			defaultConfigurationIsVisible = 0;
			defaultConfigurationName = Release;
		};
		399CACD619904B6D00750AE1 /* Build configuration list for PBXNativeTarget "play" */ = {
			isa = XCConfigurationList;
			buildConfigurations = (
				399CACD719904B6D00750AE1 /* Debug */,
				399CACD819904B6D00750AE1 /* Release */,
			);
			defaultConfigurationIsVisible = 0;
			defaultConfigurationName = Release;
		};
		399CACD919904B6D00750AE1 /* Build configuration list for PBXNativeTarget "playTests" */ = {
			isa = XCConfigurationList;
			buildConfigurations = (
				399CACDA19904B6D00750AE1 /* Debug */,
				399CACDB19904B6D00750AE1 /* Release */,
			);
			defaultConfigurationIsVisible = 0;
			defaultConfigurationName = Release;
		};
/* End XCConfigurationList section */
	};
	rootObject = 399CACB219904B6D00750AE1 /* Project object */;
}
